// !$*UTF8*$!
{
	archiveVersion = 1;
	classes = {
	};
	objectVersion = 46;
	objects = {

/* Begin PBXBuildFile section */
		3F37D30C1CD3C39500BBF8C8 /* AppDelegate.swift in Sources */ = {isa = PBXBuildFile; fileRef = 3F37D30B1CD3C39500BBF8C8 /* AppDelegate.swift */; };
		3F37D3131CD3C39500BBF8C8 /* Main.storyboard in Resources */ = {isa = PBXBuildFile; fileRef = 3F37D3111CD3C39500BBF8C8 /* Main.storyboard */; };
		3F37D3151CD3C39500BBF8C8 /* Assets.xcassets in Resources */ = {isa = PBXBuildFile; fileRef = 3F37D3141CD3C39500BBF8C8 /* Assets.xcassets */; };
		3F37D3181CD3C39500BBF8C8 /* LaunchScreen.storyboard in Resources */ = {isa = PBXBuildFile; fileRef = 3F37D3161CD3C39500BBF8C8 /* LaunchScreen.storyboard */; };
		3F37D3231CD3C39500BBF8C8 /* Movie_RecommendationsTests.swift in Sources */ = {isa = PBXBuildFile; fileRef = 3F37D3221CD3C39500BBF8C8 /* Movie_RecommendationsTests.swift */; };
		3F37D32E1CD3C39500BBF8C8 /* Movie_RecommendationsUITests.swift in Sources */ = {isa = PBXBuildFile; fileRef = 3F37D32D1CD3C39500BBF8C8 /* Movie_RecommendationsUITests.swift */; };
		3F75AC4B1CDA5A4500F40701 /* Movie.swift in Sources */ = {isa = PBXBuildFile; fileRef = 3F75AC4A1CDA5A4500F40701 /* Movie.swift */; };
		3F75AC4F1CDBAC4E00F40701 /* KeySearchViewController.swift in Sources */ = {isa = PBXBuildFile; fileRef = 3F75AC4E1CDBAC4E00F40701 /* KeySearchViewController.swift */; };
		3F75AC511CDBBE3600F40701 /* MovieCell.swift in Sources */ = {isa = PBXBuildFile; fileRef = 3F75AC501CDBBE3600F40701 /* MovieCell.swift */; };
		3F75AC551CDBC8A500F40701 /* Fabric.framework in Frameworks */ = {isa = PBXBuildFile; fileRef = 3F75AC531CDBC8A500F40701 /* Fabric.framework */; };
		3F75AC561CDBC8A500F40701 /* Crashlytics.framework in Frameworks */ = {isa = PBXBuildFile; fileRef = 3F75AC541CDBC8A500F40701 /* Crashlytics.framework */; };
		E4E4A45B1CDA1BC0008A9A84 /* Database.swift in Sources */ = {isa = PBXBuildFile; fileRef = E4E4A45A1CDA1BC0008A9A84 /* Database.swift */; };
		E4E4A45D1CDA1C32008A9A84 /* RotateImage.swift in Sources */ = {isa = PBXBuildFile; fileRef = E4E4A45C1CDA1C32008A9A84 /* RotateImage.swift */; };
/* End PBXBuildFile section */

/* Begin PBXContainerItemProxy section */
		3F37D31F1CD3C39500BBF8C8 /* PBXContainerItemProxy */ = {
			isa = PBXContainerItemProxy;
			containerPortal = 3F37D3001CD3C39400BBF8C8 /* Project object */;
			proxyType = 1;
			remoteGlobalIDString = 3F37D3071CD3C39400BBF8C8;
			remoteInfo = "Movie Recommendations";
		};
		3F37D32A1CD3C39500BBF8C8 /* PBXContainerItemProxy */ = {
			isa = PBXContainerItemProxy;
			containerPortal = 3F37D3001CD3C39400BBF8C8 /* Project object */;
			proxyType = 1;
			remoteGlobalIDString = 3F37D3071CD3C39400BBF8C8;
			remoteInfo = "Movie Recommendations";
		};
/* End PBXContainerItemProxy section */

/* Begin PBXFileReference section */
		3F37D3081CD3C39400BBF8C8 /* Movie Recommendations.app */ = {isa = PBXFileReference; explicitFileType = wrapper.application; includeInIndex = 0; path = "Movie Recommendations.app"; sourceTree = BUILT_PRODUCTS_DIR; };
		3F37D30B1CD3C39500BBF8C8 /* AppDelegate.swift */ = {isa = PBXFileReference; lastKnownFileType = sourcecode.swift; path = AppDelegate.swift; sourceTree = "<group>"; };
		3F37D3121CD3C39500BBF8C8 /* Base */ = {isa = PBXFileReference; lastKnownFileType = file.storyboard; name = Base; path = Base.lproj/Main.storyboard; sourceTree = "<group>"; };
		3F37D3141CD3C39500BBF8C8 /* Assets.xcassets */ = {isa = PBXFileReference; lastKnownFileType = folder.assetcatalog; path = Assets.xcassets; sourceTree = "<group>"; };
		3F37D3171CD3C39500BBF8C8 /* Base */ = {isa = PBXFileReference; lastKnownFileType = file.storyboard; name = Base; path = Base.lproj/LaunchScreen.storyboard; sourceTree = "<group>"; };
		3F37D3191CD3C39500BBF8C8 /* Info.plist */ = {isa = PBXFileReference; lastKnownFileType = text.plist.xml; path = Info.plist; sourceTree = "<group>"; };
		3F37D31E1CD3C39500BBF8C8 /* Movie RecommendationsTests.xctest */ = {isa = PBXFileReference; explicitFileType = wrapper.cfbundle; includeInIndex = 0; path = "Movie RecommendationsTests.xctest"; sourceTree = BUILT_PRODUCTS_DIR; };
		3F37D3221CD3C39500BBF8C8 /* Movie_RecommendationsTests.swift */ = {isa = PBXFileReference; lastKnownFileType = sourcecode.swift; path = Movie_RecommendationsTests.swift; sourceTree = "<group>"; };
		3F37D3241CD3C39500BBF8C8 /* Info.plist */ = {isa = PBXFileReference; lastKnownFileType = text.plist.xml; path = Info.plist; sourceTree = "<group>"; };
		3F37D3291CD3C39500BBF8C8 /* Movie RecommendationsUITests.xctest */ = {isa = PBXFileReference; explicitFileType = wrapper.cfbundle; includeInIndex = 0; path = "Movie RecommendationsUITests.xctest"; sourceTree = BUILT_PRODUCTS_DIR; };
		3F37D32D1CD3C39500BBF8C8 /* Movie_RecommendationsUITests.swift */ = {isa = PBXFileReference; lastKnownFileType = sourcecode.swift; path = Movie_RecommendationsUITests.swift; sourceTree = "<group>"; };
		3F37D32F1CD3C39500BBF8C8 /* Info.plist */ = {isa = PBXFileReference; lastKnownFileType = text.plist.xml; path = Info.plist; sourceTree = "<group>"; };
		3F75AC4A1CDA5A4500F40701 /* Movie.swift */ = {isa = PBXFileReference; fileEncoding = 4; lastKnownFileType = sourcecode.swift; path = Movie.swift; sourceTree = "<group>"; };
		3F75AC4E1CDBAC4E00F40701 /* KeySearchViewController.swift */ = {isa = PBXFileReference; fileEncoding = 4; lastKnownFileType = sourcecode.swift; path = KeySearchViewController.swift; sourceTree = "<group>"; };
		3F75AC501CDBBE3600F40701 /* MovieCell.swift */ = {isa = PBXFileReference; fileEncoding = 4; lastKnownFileType = sourcecode.swift; path = MovieCell.swift; sourceTree = "<group>"; };
		3F75AC531CDBC8A500F40701 /* Fabric.framework */ = {isa = PBXFileReference; lastKnownFileType = wrapper.framework; path = Fabric.framework; sourceTree = "<group>"; };
		3F75AC541CDBC8A500F40701 /* Crashlytics.framework */ = {isa = PBXFileReference; lastKnownFileType = wrapper.framework; path = Crashlytics.framework; sourceTree = "<group>"; };
		E4E4A45A1CDA1BC0008A9A84 /* Database.swift */ = {isa = PBXFileReference; fileEncoding = 4; lastKnownFileType = sourcecode.swift; path = Database.swift; sourceTree = "<group>"; };
		E4E4A45C1CDA1C32008A9A84 /* RotateImage.swift */ = {isa = PBXFileReference; fileEncoding = 4; lastKnownFileType = sourcecode.swift; path = RotateImage.swift; sourceTree = "<group>"; };
/* End PBXFileReference section */

/* Begin PBXFrameworksBuildPhase section */
		3F37D3051CD3C39400BBF8C8 /* Frameworks */ = {
			isa = PBXFrameworksBuildPhase;
			buildActionMask = 2147483647;
			files = (
				3F75AC561CDBC8A500F40701 /* Crashlytics.framework in Frameworks */,
				3F75AC551CDBC8A500F40701 /* Fabric.framework in Frameworks */,
			);
			runOnlyForDeploymentPostprocessing = 0;
		};
		3F37D31B1CD3C39500BBF8C8 /* Frameworks */ = {
			isa = PBXFrameworksBuildPhase;
			buildActionMask = 2147483647;
			files = (
			);
			runOnlyForDeploymentPostprocessing = 0;
		};
		3F37D3261CD3C39500BBF8C8 /* Frameworks */ = {
			isa = PBXFrameworksBuildPhase;
			buildActionMask = 2147483647;
			files = (
			);
			runOnlyForDeploymentPostprocessing = 0;
		};
/* End PBXFrameworksBuildPhase section */

/* Begin PBXGroup section */
		3F37D2FF1CD3C39400BBF8C8 = {
			isa = PBXGroup;
			children = (
				3F75AC4E1CDBAC4E00F40701 /* KeySearchViewController.swift */,
				E4E4A45C1CDA1C32008A9A84 /* RotateImage.swift */,
				E4E4A45A1CDA1BC0008A9A84 /* Database.swift */,
				3F75AC501CDBBE3600F40701 /* MovieCell.swift */,
				3F75AC4A1CDA5A4500F40701 /* Movie.swift */,
				3F37D30A1CD3C39400BBF8C8 /* Movie Recommendations */,
				3F37D3211CD3C39500BBF8C8 /* Movie RecommendationsTests */,
				3F37D32C1CD3C39500BBF8C8 /* Movie RecommendationsUITests */,
				3F37D3091CD3C39400BBF8C8 /* Products */,
				3F75AC531CDBC8A500F40701 /* Fabric.framework */,
				3F75AC541CDBC8A500F40701 /* Crashlytics.framework */,
			);
			sourceTree = "<group>";
		};
		3F37D3091CD3C39400BBF8C8 /* Products */ = {
			isa = PBXGroup;
			children = (
				3F37D3081CD3C39400BBF8C8 /* Movie Recommendations.app */,
				3F37D31E1CD3C39500BBF8C8 /* Movie RecommendationsTests.xctest */,
				3F37D3291CD3C39500BBF8C8 /* Movie RecommendationsUITests.xctest */,
			);
			name = Products;
			sourceTree = "<group>";
		};
		3F37D30A1CD3C39400BBF8C8 /* Movie Recommendations */ = {
			isa = PBXGroup;
			children = (
				3F37D30B1CD3C39500BBF8C8 /* AppDelegate.swift */,
				3F37D3111CD3C39500BBF8C8 /* Main.storyboard */,
				3F37D3141CD3C39500BBF8C8 /* Assets.xcassets */,
				3F37D3161CD3C39500BBF8C8 /* LaunchScreen.storyboard */,
				3F37D3191CD3C39500BBF8C8 /* Info.plist */,
			);
			path = "Movie Recommendations";
			sourceTree = "<group>";
		};
		3F37D3211CD3C39500BBF8C8 /* Movie RecommendationsTests */ = {
			isa = PBXGroup;
			children = (
				3F37D3221CD3C39500BBF8C8 /* Movie_RecommendationsTests.swift */,
				3F37D3241CD3C39500BBF8C8 /* Info.plist */,
			);
			path = "Movie RecommendationsTests";
			sourceTree = "<group>";
		};
		3F37D32C1CD3C39500BBF8C8 /* Movie RecommendationsUITests */ = {
			isa = PBXGroup;
			children = (
				3F37D32D1CD3C39500BBF8C8 /* Movie_RecommendationsUITests.swift */,
				3F37D32F1CD3C39500BBF8C8 /* Info.plist */,
			);
			path = "Movie RecommendationsUITests";
			sourceTree = "<group>";
		};
/* End PBXGroup section */

/* Begin PBXNativeTarget section */
		3F37D3071CD3C39400BBF8C8 /* Movie Recommendations */ = {
			isa = PBXNativeTarget;
			buildConfigurationList = 3F37D3321CD3C39500BBF8C8 /* Build configuration list for PBXNativeTarget "Movie Recommendations" */;
			buildPhases = (
				3F37D3041CD3C39400BBF8C8 /* Sources */,
				3F37D3051CD3C39400BBF8C8 /* Frameworks */,
				3F37D3061CD3C39400BBF8C8 /* Resources */,
				3F75AC521CDBC88000F40701 /* ShellScript */,
			);
			buildRules = (
			);
			dependencies = (
			);
			name = "Movie Recommendations";
			productName = "Movie Recommendations";
			productReference = 3F37D3081CD3C39400BBF8C8 /* Movie Recommendations.app */;
			productType = "com.apple.product-type.application";
		};
		3F37D31D1CD3C39500BBF8C8 /* Movie RecommendationsTests */ = {
			isa = PBXNativeTarget;
			buildConfigurationList = 3F37D3351CD3C39500BBF8C8 /* Build configuration list for PBXNativeTarget "Movie RecommendationsTests" */;
			buildPhases = (
				3F37D31A1CD3C39500BBF8C8 /* Sources */,
				3F37D31B1CD3C39500BBF8C8 /* Frameworks */,
				3F37D31C1CD3C39500BBF8C8 /* Resources */,
			);
			buildRules = (
			);
			dependencies = (
				3F37D3201CD3C39500BBF8C8 /* PBXTargetDependency */,
			);
			name = "Movie RecommendationsTests";
			productName = "Movie RecommendationsTests";
			productReference = 3F37D31E1CD3C39500BBF8C8 /* Movie RecommendationsTests.xctest */;
			productType = "com.apple.product-type.bundle.unit-test";
		};
		3F37D3281CD3C39500BBF8C8 /* Movie RecommendationsUITests */ = {
			isa = PBXNativeTarget;
			buildConfigurationList = 3F37D3381CD3C39500BBF8C8 /* Build configuration list for PBXNativeTarget "Movie RecommendationsUITests" */;
			buildPhases = (
				3F37D3251CD3C39500BBF8C8 /* Sources */,
				3F37D3261CD3C39500BBF8C8 /* Frameworks */,
				3F37D3271CD3C39500BBF8C8 /* Resources */,
			);
			buildRules = (
			);
			dependencies = (
				3F37D32B1CD3C39500BBF8C8 /* PBXTargetDependency */,
			);
			name = "Movie RecommendationsUITests";
			productName = "Movie RecommendationsUITests";
			productReference = 3F37D3291CD3C39500BBF8C8 /* Movie RecommendationsUITests.xctest */;
			productType = "com.apple.product-type.bundle.ui-testing";
		};
/* End PBXNativeTarget section */

/* Begin PBXProject section */
		3F37D3001CD3C39400BBF8C8 /* Project object */ = {
			isa = PBXProject;
			attributes = {
				LastSwiftUpdateCheck = 0710;
				LastUpgradeCheck = 0710;
				ORGANIZATIONNAME = SHP;
				TargetAttributes = {
					3F37D3071CD3C39400BBF8C8 = {
						CreatedOnToolsVersion = 7.1;
					};
					3F37D31D1CD3C39500BBF8C8 = {
						CreatedOnToolsVersion = 7.1;
						TestTargetID = 3F37D3071CD3C39400BBF8C8;
					};
					3F37D3281CD3C39500BBF8C8 = {
						CreatedOnToolsVersion = 7.1;
						TestTargetID = 3F37D3071CD3C39400BBF8C8;
					};
				};
			};
			buildConfigurationList = 3F37D3031CD3C39400BBF8C8 /* Build configuration list for PBXProject "Movie Recommendations" */;
			compatibilityVersion = "Xcode 3.2";
			developmentRegion = English;
			hasScannedForEncodings = 0;
			knownRegions = (
				en,
				Base,
			);
			mainGroup = 3F37D2FF1CD3C39400BBF8C8;
			productRefGroup = 3F37D3091CD3C39400BBF8C8 /* Products */;
			projectDirPath = "";
			projectRoot = "";
			targets = (
				3F37D3071CD3C39400BBF8C8 /* Movie Recommendations */,
				3F37D31D1CD3C39500BBF8C8 /* Movie RecommendationsTests */,
				3F37D3281CD3C39500BBF8C8 /* Movie RecommendationsUITests */,
			);
		};
/* End PBXProject section */

/* Begin PBXResourcesBuildPhase section */
		3F37D3061CD3C39400BBF8C8 /* Resources */ = {
			isa = PBXResourcesBuildPhase;
			buildActionMask = 2147483647;
			files = (
				3F37D3181CD3C39500BBF8C8 /* LaunchScreen.storyboard in Resources */,
				3F37D3151CD3C39500BBF8C8 /* Assets.xcassets in Resources */,
				3F37D3131CD3C39500BBF8C8 /* Main.storyboard in Resources */,
			);
			runOnlyForDeploymentPostprocessing = 0;
		};
		3F37D31C1CD3C39500BBF8C8 /* Resources */ = {
			isa = PBXResourcesBuildPhase;
			buildActionMask = 2147483647;
			files = (
			);
			runOnlyForDeploymentPostprocessing = 0;
		};
		3F37D3271CD3C39500BBF8C8 /* Resources */ = {
			isa = PBXResourcesBuildPhase;
			buildActionMask = 2147483647;
			files = (
			);
			runOnlyForDeploymentPostprocessing = 0;
		};
/* End PBXResourcesBuildPhase section */

/* Begin PBXShellScriptBuildPhase section */
		3F75AC521CDBC88000F40701 /* ShellScript */ = {
			isa = PBXShellScriptBuildPhase;
			buildActionMask = 2147483647;
			files = (
			);
			inputPaths = (
			);
			outputPaths = (
			);
			runOnlyForDeploymentPostprocessing = 0;
			shellPath = /bin/sh;
			shellScript = "./Fabric.framework/run b0143fbffd30fe5fe3a338a031691f78fc161040 132604a27c649f5326eaa3f34e2b5682a3011ec61999f8d3c1ac586991849aeb";
		};
/* End PBXShellScriptBuildPhase section */

/* Begin PBXSourcesBuildPhase section */
		3F37D3041CD3C39400BBF8C8 /* Sources */ = {
			isa = PBXSourcesBuildPhase;
			buildActionMask = 2147483647;
			files = (
				E4E4A45D1CDA1C32008A9A84 /* RotateImage.swift in Sources */,
				E4E4A45B1CDA1BC0008A9A84 /* Database.swift in Sources */,
				3F75AC511CDBBE3600F40701 /* MovieCell.swift in Sources */,
				3F75AC4B1CDA5A4500F40701 /* Movie.swift in Sources */,
				3F75AC4F1CDBAC4E00F40701 /* KeySearchViewController.swift in Sources */,
				3F37D30C1CD3C39500BBF8C8 /* AppDelegate.swift in Sources */,
			);
			runOnlyForDeploymentPostprocessing = 0;
		};
		3F37D31A1CD3C39500BBF8C8 /* Sources */ = {
			isa = PBXSourcesBuildPhase;
			buildActionMask = 2147483647;
			files = (
				3F37D3231CD3C39500BBF8C8 /* Movie_RecommendationsTests.swift in Sources */,
			);
			runOnlyForDeploymentPostprocessing = 0;
		};
		3F37D3251CD3C39500BBF8C8 /* Sources */ = {
			isa = PBXSourcesBuildPhase;
			buildActionMask = 2147483647;
			files = (
				3F37D32E1CD3C39500BBF8C8 /* Movie_RecommendationsUITests.swift in Sources */,
			);
			runOnlyForDeploymentPostprocessing = 0;
		};
/* End PBXSourcesBuildPhase section */

/* Begin PBXTargetDependency section */
		3F37D3201CD3C39500BBF8C8 /* PBXTargetDependency */ = {
			isa = PBXTargetDependency;
			target = 3F37D3071CD3C39400BBF8C8 /* Movie Recommendations */;
			targetProxy = 3F37D31F1CD3C39500BBF8C8 /* PBXContainerItemProxy */;
		};
		3F37D32B1CD3C39500BBF8C8 /* PBXTargetDependency */ = {
			isa = PBXTargetDependency;
			target = 3F37D3071CD3C39400BBF8C8 /* Movie Recommendations */;
			targetProxy = 3F37D32A1CD3C39500BBF8C8 /* PBXContainerItemProxy */;
		};
/* End PBXTargetDependency section */

/* Begin PBXVariantGroup section */
		3F37D3111CD3C39500BBF8C8 /* Main.storyboard */ = {
			isa = PBXVariantGroup;
			children = (
				3F37D3121CD3C39500BBF8C8 /* Base */,
			);
			name = Main.storyboard;
			sourceTree = "<group>";
		};
		3F37D3161CD3C39500BBF8C8 /* LaunchScreen.storyboard */ = {
			isa = PBXVariantGroup;
			children = (
				3F37D3171CD3C39500BBF8C8 /* Base */,
			);
			name = LaunchScreen.storyboard;
			sourceTree = "<group>";
		};
/* End PBXVariantGroup section */

/* Begin XCBuildConfiguration section */
		3F37D3301CD3C39500BBF8C8 /* Debug */ = {
			isa = XCBuildConfiguration;
			buildSettings = {
				ALWAYS_SEARCH_USER_PATHS = NO;
				CLANG_CXX_LANGUAGE_STANDARD = "gnu++0x";
				CLANG_CXX_LIBRARY = "libc++";
				CLANG_ENABLE_MODULES = YES;
				CLANG_ENABLE_OBJC_ARC = YES;
				CLANG_WARN_BOOL_CONVERSION = YES;
				CLANG_WARN_CONSTANT_CONVERSION = YES;
				CLANG_WARN_DIRECT_OBJC_ISA_USAGE = YES_ERROR;
				CLANG_WARN_EMPTY_BODY = YES;
				CLANG_WARN_ENUM_CONVERSION = YES;
				CLANG_WARN_INT_CONVERSION = YES;
				CLANG_WARN_OBJC_ROOT_CLASS = YES_ERROR;
				CLANG_WARN_UNREACHABLE_CODE = YES;
				CLANG_WARN__DUPLICATE_METHOD_MATCH = YES;
				"CODE_SIGN_IDENTITY[sdk=iphoneos*]" = "iPhone Developer";
				COPY_PHASE_STRIP = NO;
				DEBUG_INFORMATION_FORMAT = dwarf;
				ENABLE_STRICT_OBJC_MSGSEND = YES;
				ENABLE_TESTABILITY = YES;
				GCC_C_LANGUAGE_STANDARD = gnu99;
				GCC_DYNAMIC_NO_PIC = NO;
				GCC_NO_COMMON_BLOCKS = YES;
				GCC_OPTIMIZATION_LEVEL = 0;
				GCC_PREPROCESSOR_DEFINITIONS = (
					"DEBUG=1",
					"$(inherited)",
				);
				GCC_WARN_64_TO_32_BIT_CONVERSION = YES;
				GCC_WARN_ABOUT_RETURN_TYPE = YES_ERROR;
				GCC_WARN_UNDECLARED_SELECTOR = YES;
				GCC_WARN_UNINITIALIZED_AUTOS = YES_AGGRESSIVE;
				GCC_WARN_UNUSED_FUNCTION = YES;
				GCC_WARN_UNUSED_VARIABLE = YES;
				IPHONEOS_DEPLOYMENT_TARGET = 9.1;
				MTL_ENABLE_DEBUG_INFO = YES;
				ONLY_ACTIVE_ARCH = YES;
				SDKROOT = iphoneos;
				SWIFT_OPTIMIZATION_LEVEL = "-Onone";
			};
			name = Debug;
		};
		3F37D3311CD3C39500BBF8C8 /* Release */ = {
			isa = XCBuildConfiguration;
			buildSettings = {
				ALWAYS_SEARCH_USER_PATHS = NO;
				CLANG_CXX_LANGUAGE_STANDARD = "gnu++0x";
				CLANG_CXX_LIBRARY = "libc++";
				CLANG_ENABLE_MODULES = YES;
				CLANG_ENABLE_OBJC_ARC = YES;
				CLANG_WARN_BOOL_CONVERSION = YES;
				CLANG_WARN_CONSTANT_CONVERSION = YES;
				CLANG_WARN_DIRECT_OBJC_ISA_USAGE = YES_ERROR;
				CLANG_WARN_EMPTY_BODY = YES;
				CLANG_WARN_ENUM_CONVERSION = YES;
				CLANG_WARN_INT_CONVERSION = YES;
				CLANG_WARN_OBJC_ROOT_CLASS = YES_ERROR;
				CLANG_WARN_UNREACHABLE_CODE = YES;
				CLANG_WARN__DUPLICATE_METHOD_MATCH = YES;
				"CODE_SIGN_IDENTITY[sdk=iphoneos*]" = "iPhone Developer";
				COPY_PHASE_STRIP = NO;
				DEBUG_INFORMATION_FORMAT = "dwarf-with-dsym";
				ENABLE_NS_ASSERTIONS = NO;
				ENABLE_STRICT_OBJC_MSGSEND = YES;
				GCC_C_LANGUAGE_STANDARD = gnu99;
				GCC_NO_COMMON_BLOCKS = YES;
				GCC_WARN_64_TO_32_BIT_CONVERSION = YES;
				GCC_WARN_ABOUT_RETURN_TYPE = YES_ERROR;
				GCC_WARN_UNDECLARED_SELECTOR = YES;
				GCC_WARN_UNINITIALIZED_AUTOS = YES_AGGRESSIVE;
				GCC_WARN_UNUSED_FUNCTION = YES;
				GCC_WARN_UNUSED_VARIABLE = YES;
				IPHONEOS_DEPLOYMENT_TARGET = 9.1;
				MTL_ENABLE_DEBUG_INFO = NO;
				SDKROOT = iphoneos;
				VALIDATE_PRODUCT = YES;
			};
			name = Release;
		};
		3F37D3331CD3C39500BBF8C8 /* Debug */ = {
			isa = XCBuildConfiguration;
			buildSettings = {
				ASSETCATALOG_COMPILER_APPICON_NAME = AppIcon;
				FRAMEWORK_SEARCH_PATHS = (
					"$(inherited)",
					"$(PROJECT_DIR)",
				);
				INFOPLIST_FILE = "Movie Recommendations/Info.plist";
				LD_RUNPATH_SEARCH_PATHS = "$(inherited) @executable_path/Frameworks";
				PRODUCT_BUNDLE_IDENTIFIER = "org.shp.Movie-Recommendations";
				PRODUCT_NAME = "$(TARGET_NAME)";
			};
			name = Debug;
		};
		3F37D3341CD3C39500BBF8C8 /* Release */ = {
			isa = XCBuildConfiguration;
			buildSettings = {
				ASSETCATALOG_COMPILER_APPICON_NAME = AppIcon;
				FRAMEWORK_SEARCH_PATHS = (
					"$(inherited)",
					"$(PROJECT_DIR)",
				);
				INFOPLIST_FILE = "Movie Recommendations/Info.plist";
				LD_RUNPATH_SEARCH_PATHS = "$(inherited) @executable_path/Frameworks";
				PRODUCT_BUNDLE_IDENTIFIER = "org.shp.Movie-Recommendations";
				PRODUCT_NAME = "$(TARGET_NAME)";
			};
			name = Release;
		};
		3F37D3361CD3C39500BBF8C8 /* Debug */ = {
			isa = XCBuildConfiguration;
			buildSettings = {
				BUNDLE_LOADER = "$(TEST_HOST)";
				INFOPLIST_FILE = "Movie RecommendationsTests/Info.plist";
				LD_RUNPATH_SEARCH_PATHS = "$(inherited) @executable_path/Frameworks @loader_path/Frameworks";
				PRODUCT_BUNDLE_IDENTIFIER = "org.shp.Movie-RecommendationsTests";
				PRODUCT_NAME = "$(TARGET_NAME)";
				TEST_HOST = "$(BUILT_PRODUCTS_DIR)/Movie Recommendations.app/Movie Recommendations";
			};
			name = Debug;
		};
		3F37D3371CD3C39500BBF8C8 /* Release */ = {
			isa = XCBuildConfiguration;
			buildSettings = {
				BUNDLE_LOADER = "$(TEST_HOST)";
				INFOPLIST_FILE = "Movie RecommendationsTests/Info.plist";
				LD_RUNPATH_SEARCH_PATHS = "$(inherited) @executable_path/Frameworks @loader_path/Frameworks";
				PRODUCT_BUNDLE_IDENTIFIER = "org.shp.Movie-RecommendationsTests";
				PRODUCT_NAME = "$(TARGET_NAME)";
				TEST_HOST = "$(BUILT_PRODUCTS_DIR)/Movie Recommendations.app/Movie Recommendations";
			};
			name = Release;
		};
		3F37D3391CD3C39500BBF8C8 /* Debug */ = {
			isa = XCBuildConfiguration;
			buildSettings = {
				INFOPLIST_FILE = "Movie RecommendationsUITests/Info.plist";
				LD_RUNPATH_SEARCH_PATHS = "$(inherited) @executable_path/Frameworks @loader_path/Frameworks";
				PRODUCT_BUNDLE_IDENTIFIER = "org.shp.Movie-RecommendationsUITests";
				PRODUCT_NAME = "$(TARGET_NAME)";
				TEST_TARGET_NAME = "Movie Recommendations";
				USES_XCTRUNNER = YES;
			};
			name = Debug;
		};
		3F37D33A1CD3C39500BBF8C8 /* Release */ = {
			isa = XCBuildConfiguration;
			buildSettings = {
				INFOPLIST_FILE = "Movie RecommendationsUITests/Info.plist";
				LD_RUNPATH_SEARCH_PATHS = "$(inherited) @executable_path/Frameworks @loader_path/Frameworks";
				PRODUCT_BUNDLE_IDENTIFIER = "org.shp.Movie-RecommendationsUITests";
				PRODUCT_NAME = "$(TARGET_NAME)";
				TEST_TARGET_NAME = "Movie Recommendations";
				USES_XCTRUNNER = YES;
			};
			name = Release;
		};
/* End XCBuildConfiguration section */

/* Begin XCConfigurationList section */
		3F37D3031CD3C39400BBF8C8 /* Build configuration list for PBXProject "Movie Recommendations" */ = {
			isa = XCConfigurationList;
			buildConfigurations = (
				3F37D3301CD3C39500BBF8C8 /* Debug */,
				3F37D3311CD3C39500BBF8C8 /* Release */,
			);
			defaultConfigurationIsVisible = 0;
			defaultConfigurationName = Release;
		};
		3F37D3321CD3C39500BBF8C8 /* Build configuration list for PBXNativeTarget "Movie Recommendations" */ = {
			isa = XCConfigurationList;
			buildConfigurations = (
				3F37D3331CD3C39500BBF8C8 /* Debug */,
				3F37D3341CD3C39500BBF8C8 /* Release */,
			);
			defaultConfigurationIsVisible = 0;
			defaultConfigurationName = Release;
		};
		3F37D3351CD3C39500BBF8C8 /* Build configuration list for PBXNativeTarget "Movie RecommendationsTests" */ = {
			isa = XCConfigurationList;
			buildConfigurations = (
				3F37D3361CD3C39500BBF8C8 /* Debug */,
				3F37D3371CD3C39500BBF8C8 /* Release */,
			);
			defaultConfigurationIsVisible = 0;
			defaultConfigurationName = Release;
		};
		3F37D3381CD3C39500BBF8C8 /* Build configuration list for PBXNativeTarget "Movie RecommendationsUITests" */ = {
			isa = XCConfigurationList;
			buildConfigurations = (
				3F37D3391CD3C39500BBF8C8 /* Debug */,
				3F37D33A1CD3C39500BBF8C8 /* Release */,
			);
			defaultConfigurationIsVisible = 0;
			defaultConfigurationName = Release;
		};
/* End XCConfigurationList section */
	};
	rootObject = 3F37D3001CD3C39400BBF8C8 /* Project object */;
}
